
Microsoft Visual Studio Solution File, Format Version 12.00
# Visual Studio Version 16
VisualStudioVersion = 16.0.32126.315
MinimumVisualStudioVersion = 10.0.40219.1
Project("{FAE04EC0-301F-11D3-BF4B-00C04F79EFBC}") = "LearningSystem", "LearningSystem.csproj", "{22DFA1A6-968D-4D3B-96D2-76594C1B4BA5}"
EndProject
Global
	GlobalSection(SolutionConfigurationPlatforms) = preSolution
		Debug|Any CPU = Debug|Any CPU
		Release|Any CPU = Release|Any CPU
	EndGlobalSection
	GlobalSection(ProjectConfigurationPlatforms) = postSolution
		{22DFA1A6-968D-4D3B-96D2-76594C1B4BA5}.Debug|Any CPU.ActiveCfg = Debug|Any CPU
		{22DFA1A6-968D-4D3B-96D2-76594C1B4BA5}.Debug|Any CPU.Build.0 = Debug|Any CPU
		{22DFA1A6-968D-4D3B-96D2-76594C1B4BA5}.Release|Any CPU.ActiveCfg = Release|Any CPU
		{22DFA1A6-968D-4D3B-96D2-76594C1B4BA5}.Release|Any CPU.Build.0 = Release|Any CPU
	EndGlobalSection
	GlobalSection(SolutionProperties) = preSolution
		HideSolutionNode = FALSE
	EndGlobalSection
	GlobalSection(ExtensibilityGlobals) = postSolution
		SolutionGuid = {FAA55CE6-D72C-4156-93BE-59D6C28F0EEE}
	EndGlobalSection
EndGlobal
